// !$*UTF8*$!
{
	archiveVersion = 1;
	classes = {
	};
	objectVersion = 46;
	objects = {

/* Begin PBXBuildFile section */
		5523166F1D98BCB000BCCAA9 /* MainViewController.swift in Sources */ = {isa = PBXBuildFile; fileRef = 5523166C1D98BCB000BCCAA9 /* MainViewController.swift */; };
		552316711D98BD4500BCCAA9 /* HomeViewController.swift in Sources */ = {isa = PBXBuildFile; fileRef = 552316701D98BD4500BCCAA9 /* HomeViewController.swift */; };
		5525141D1DAD3F940063886B /* AmuseViewController.swift in Sources */ = {isa = PBXBuildFile; fileRef = 5525141C1DAD3F940063886B /* AmuseViewController.swift */; };
		5525141F1DAD42220063886B /* AmuseViewModel.swift in Sources */ = {isa = PBXBuildFile; fileRef = 5525141E1DAD42220063886B /* AmuseViewModel.swift */; };
		552514221DAD45F40063886B /* Live.storyboard in Resources */ = {isa = PBXBuildFile; fileRef = 552514211DAD45F40063886B /* Live.storyboard */; };
		552514241DAD460E0063886B /* BaseViewModel.swift in Sources */ = {isa = PBXBuildFile; fileRef = 552514231DAD460E0063886B /* BaseViewModel.swift */; };
		552514261DAD48B30063886B /* BaseAnchorViewController.swift in Sources */ = {isa = PBXBuildFile; fileRef = 552514251DAD48B30063886B /* BaseAnchorViewController.swift */; };
		553A2D5E1D9F358000AA59BB /* CollectionGameCell.swift in Sources */ = {isa = PBXBuildFile; fileRef = 553A2D5C1D9F358000AA59BB /* CollectionGameCell.swift */; };
		553A2D5F1D9F358000AA59BB /* CollectionGameCell.xib in Resources */ = {isa = PBXBuildFile; fileRef = 553A2D5D1D9F358000AA59BB /* CollectionGameCell.xib */; };
		5543135F1DADFC2B004E7F94 /* AmuseMenuView.swift in Sources */ = {isa = PBXBuildFile; fileRef = 5543135E1DADFC2B004E7F94 /* AmuseMenuView.swift */; };
		554313611DADFC4B004E7F94 /* AmuseMenuView.xib in Resources */ = {isa = PBXBuildFile; fileRef = 554313601DADFC4B004E7F94 /* AmuseMenuView.xib */; };
		554313641DADFE8F004E7F94 /* AmuseMenuViewCell.swift in Sources */ = {isa = PBXBuildFile; fileRef = 554313621DADFE8F004E7F94 /* AmuseMenuViewCell.swift */; };
		554313651DADFE8F004E7F94 /* AmuseMenuViewCell.xib in Resources */ = {isa = PBXBuildFile; fileRef = 554313631DADFE8F004E7F94 /* AmuseMenuViewCell.xib */; };
		5543136A1DAE2145004E7F94 /* FunToPlayViewController.swift in Sources */ = {isa = PBXBuildFile; fileRef = 554313691DAE2145004E7F94 /* FunToPlayViewController.swift */; };
		5543136C1DAE2179004E7F94 /* FunToPlayViewModel.swift in Sources */ = {isa = PBXBuildFile; fileRef = 5543136B1DAE2179004E7F94 /* FunToPlayViewModel.swift */; };
		554D46FF1D989711006FB076 /* AppDelegate.swift in Sources */ = {isa = PBXBuildFile; fileRef = 554D46FE1D989711006FB076 /* AppDelegate.swift */; };
		554D47041D989711006FB076 /* Main.storyboard in Resources */ = {isa = PBXBuildFile; fileRef = 554D47021D989711006FB076 /* Main.storyboard */; };
		554D47061D989711006FB076 /* Assets.xcassets in Resources */ = {isa = PBXBuildFile; fileRef = 554D47051D989711006FB076 /* Assets.xcassets */; };
		554D47091D989711006FB076 /* LaunchScreen.storyboard in Resources */ = {isa = PBXBuildFile; fileRef = 554D47071D989711006FB076 /* LaunchScreen.storyboard */; };
		5564F10D1DABE8DA00D36A00 /* GameViewModel.swift in Sources */ = {isa = PBXBuildFile; fileRef = 5564F10C1DABE8DA00D36A00 /* GameViewModel.swift */; };
		5564F10F1DABE95700D36A00 /* BaseGameModel.swift in Sources */ = {isa = PBXBuildFile; fileRef = 5564F10E1DABE95700D36A00 /* BaseGameModel.swift */; };
		5564F1111DABE9AE00D36A00 /* GameModel.swift in Sources */ = {isa = PBXBuildFile; fileRef = 5564F1101DABE9AE00D36A00 /* GameModel.swift */; };
		5564F1131DABEB2200D36A00 /* GameViewController.swift in Sources */ = {isa = PBXBuildFile; fileRef = 5564F1121DABEB2200D36A00 /* GameViewController.swift */; };
		557CA4381D9ADA6000851448 /* NetworkTools.swift in Sources */ = {isa = PBXBuildFile; fileRef = 557CA4371D9ADA6000851448 /* NetworkTools.swift */; };
		5588F2BF1D98EB8000016792 /* UIBarButtonItem-Extension.swift in Sources */ = {isa = PBXBuildFile; fileRef = 5588F2BE1D98EB8000016792 /* UIBarButtonItem-Extension.swift */; };
		5588F2C11D990B0900016792 /* PageTitleView.swift in Sources */ = {isa = PBXBuildFile; fileRef = 5588F2C01D990B0900016792 /* PageTitleView.swift */; };
		5588F2C31D990D5C00016792 /* Common.swift in Sources */ = {isa = PBXBuildFile; fileRef = 5588F2C21D990D5C00016792 /* Common.swift */; };
		5588F2C51D9930E400016792 /* PageContentView.swift in Sources */ = {isa = PBXBuildFile; fileRef = 5588F2C41D9930E400016792 /* PageContentView.swift */; };
		5588F2C71D99338D00016792 /* UIColor-Extension.swift in Sources */ = {isa = PBXBuildFile; fileRef = 5588F2C61D99338D00016792 /* UIColor-Extension.swift */; };
		5588F2C91D9A1DDA00016792 /* RecommendViewController.swift in Sources */ = {isa = PBXBuildFile; fileRef = 5588F2C81D9A1DDA00016792 /* RecommendViewController.swift */; };
		5588F2CC1D9A4E4B00016792 /* CollectionHeaderView.swift in Sources */ = {isa = PBXBuildFile; fileRef = 5588F2CA1D9A4E4B00016792 /* CollectionHeaderView.swift */; };
		5588F2CD1D9A4E4B00016792 /* CollectionHeaderView.xib in Resources */ = {isa = PBXBuildFile; fileRef = 5588F2CB1D9A4E4B00016792 /* CollectionHeaderView.xib */; };
		5588F2D01D9A6AD700016792 /* CollectionNormalCell.swift in Sources */ = {isa = PBXBuildFile; fileRef = 5588F2CE1D9A6AD700016792 /* CollectionNormalCell.swift */; };
		5588F2D11D9A6AD700016792 /* CollectionNormalCell.xib in Resources */ = {isa = PBXBuildFile; fileRef = 5588F2CF1D9A6AD700016792 /* CollectionNormalCell.xib */; };
		5588F2D41D9A744300016792 /* CollectionPrettyCell.swift in Sources */ = {isa = PBXBuildFile; fileRef = 5588F2D21D9A744300016792 /* CollectionPrettyCell.swift */; };
		5588F2D51D9A744300016792 /* CollectionPrettyCell.xib in Resources */ = {isa = PBXBuildFile; fileRef = 5588F2D31D9A744300016792 /* CollectionPrettyCell.xib */; };
		5588F2D81D9B831800016792 /* RecommandViewModel.swift in Sources */ = {isa = PBXBuildFile; fileRef = 5588F2D71D9B831800016792 /* RecommandViewModel.swift */; };
		5588F2DA1D9B873100016792 /* NSDate-Extension.swift in Sources */ = {isa = PBXBuildFile; fileRef = 5588F2D91D9B873100016792 /* NSDate-Extension.swift */; };
		559500C51D9CCE4400CE67DB /* AnchorGroup.swift in Sources */ = {isa = PBXBuildFile; fileRef = 559500C41D9CCE4400CE67DB /* AnchorGroup.swift */; };
		559500C71D9CCEE700CE67DB /* AnchorModel.swift in Sources */ = {isa = PBXBuildFile; fileRef = 559500C61D9CCEE700CE67DB /* AnchorModel.swift */; };
		559500C91D9D001F00CE67DB /* CollectionBaseCell.swift in Sources */ = {isa = PBXBuildFile; fileRef = 559500C81D9D001F00CE67DB /* CollectionBaseCell.swift */; };
		559500CC1D9E112C00CE67DB /* CollectionCycleCell.swift in Sources */ = {isa = PBXBuildFile; fileRef = 559500CA1D9E112C00CE67DB /* CollectionCycleCell.swift */; };
		559500CD1D9E112C00CE67DB /* CollectionCycleCell.xib in Resources */ = {isa = PBXBuildFile; fileRef = 559500CB1D9E112C00CE67DB /* CollectionCycleCell.xib */; };
		559500CF1D9E5CDB00CE67DB /* RecommendGameView.swift in Sources */ = {isa = PBXBuildFile; fileRef = 559500CE1D9E5CDB00CE67DB /* RecommendGameView.swift */; };
		559500D11D9E5CF800CE67DB /* RecommendGameView.xib in Resources */ = {isa = PBXBuildFile; fileRef = 559500D01D9E5CF800CE67DB /* RecommendGameView.xib */; };
		55AB55281D98473800CE2002 /* Profile.storyboard in Resources */ = {isa = PBXBuildFile; fileRef = 55AB55261D98473800CE2002 /* Profile.storyboard */; };
		55AB552F1D9847B400CE2002 /* Follow.storyboard in Resources */ = {isa = PBXBuildFile; fileRef = 55AB552D1D9847B400CE2002 /* Follow.storyboard */; };
		55AB55331D9848D500CE2002 /* Home.storyboard in Resources */ = {isa = PBXBuildFile; fileRef = 55AB55321D9848D500CE2002 /* Home.storyboard */; };
		55B13B361D9D6D8600ED6300 /* RecommendCycleView.swift in Sources */ = {isa = PBXBuildFile; fileRef = 55B13B351D9D6D8600ED6300 /* RecommendCycleView.swift */; };
		55B13B381D9D6DB600ED6300 /* RecommendCycleView.xib in Resources */ = {isa = PBXBuildFile; fileRef = 55B13B371D9D6DB600ED6300 /* RecommendCycleView.xib */; };
		55B13B3A1D9D7CAF00ED6300 /* CycleModel.swift in Sources */ = {isa = PBXBuildFile; fileRef = 55B13B391D9D7CAF00ED6300 /* CycleModel.swift */; };
		CDA70C2D0DEA66630D16E1A6 /* Pods_XDYZB.framework in Frameworks */ = {isa = PBXBuildFile; fileRef = 726561C1126ECD15B84D2564 /* Pods_XDYZB.framework */; };
/* End PBXBuildFile section */

/* Begin PBXFileReference section */
		5523166C1D98BCB000BCCAA9 /* MainViewController.swift */ = {isa = PBXFileReference; fileEncoding = 4; lastKnownFileType = sourcecode.swift; path = MainViewController.swift; sourceTree = "<group>"; };
		552316701D98BD4500BCCAA9 /* HomeViewController.swift */ = {isa = PBXFileReference; fileEncoding = 4; lastKnownFileType = sourcecode.swift; path = HomeViewController.swift; sourceTree = "<group>"; };
		5525141C1DAD3F940063886B /* AmuseViewController.swift */ = {isa = PBXFileReference; fileEncoding = 4; lastKnownFileType = sourcecode.swift; path = AmuseViewController.swift; sourceTree = "<group>"; };
		5525141E1DAD42220063886B /* AmuseViewModel.swift */ = {isa = PBXFileReference; fileEncoding = 4; lastKnownFileType = sourcecode.swift; path = AmuseViewModel.swift; sourceTree = "<group>"; };
		552514211DAD45F40063886B /* Live.storyboard */ = {isa = PBXFileReference; fileEncoding = 4; lastKnownFileType = file.storyboard; path = Live.storyboard; sourceTree = "<group>"; };
		552514231DAD460E0063886B /* BaseViewModel.swift */ = {isa = PBXFileReference; fileEncoding = 4; lastKnownFileType = sourcecode.swift; path = BaseViewModel.swift; sourceTree = "<group>"; };
		552514251DAD48B30063886B /* BaseAnchorViewController.swift */ = {isa = PBXFileReference; fileEncoding = 4; lastKnownFileType = sourcecode.swift; path = BaseAnchorViewController.swift; sourceTree = "<group>"; };
		553A2D5C1D9F358000AA59BB /* CollectionGameCell.swift */ = {isa = PBXFileReference; fileEncoding = 4; lastKnownFileType = sourcecode.swift; path = CollectionGameCell.swift; sourceTree = "<group>"; };
		553A2D5D1D9F358000AA59BB /* CollectionGameCell.xib */ = {isa = PBXFileReference; fileEncoding = 4; lastKnownFileType = file.xib; path = CollectionGameCell.xib; sourceTree = "<group>"; };
		5543135E1DADFC2B004E7F94 /* AmuseMenuView.swift */ = {isa = PBXFileReference; fileEncoding = 4; lastKnownFileType = sourcecode.swift; path = AmuseMenuView.swift; sourceTree = "<group>"; };
		554313601DADFC4B004E7F94 /* AmuseMenuView.xib */ = {isa = PBXFileReference; fileEncoding = 4; lastKnownFileType = file.xib; path = AmuseMenuView.xib; sourceTree = "<group>"; };
		554313621DADFE8F004E7F94 /* AmuseMenuViewCell.swift */ = {isa = PBXFileReference; fileEncoding = 4; lastKnownFileType = sourcecode.swift; path = AmuseMenuViewCell.swift; sourceTree = "<group>"; };
		554313631DADFE8F004E7F94 /* AmuseMenuViewCell.xib */ = {isa = PBXFileReference; fileEncoding = 4; lastKnownFileType = file.xib; path = AmuseMenuViewCell.xib; sourceTree = "<group>"; };
		554313691DAE2145004E7F94 /* FunToPlayViewController.swift */ = {isa = PBXFileReference; fileEncoding = 4; lastKnownFileType = sourcecode.swift; path = FunToPlayViewController.swift; sourceTree = "<group>"; };
		5543136B1DAE2179004E7F94 /* FunToPlayViewModel.swift */ = {isa = PBXFileReference; fileEncoding = 4; lastKnownFileType = sourcecode.swift; path = FunToPlayViewModel.swift; sourceTree = "<group>"; };
		554D46FB1D989711006FB076 /* XDYZB.app */ = {isa = PBXFileReference; explicitFileType = wrapper.application; includeInIndex = 0; path = XDYZB.app; sourceTree = BUILT_PRODUCTS_DIR; };
		554D46FE1D989711006FB076 /* AppDelegate.swift */ = {isa = PBXFileReference; lastKnownFileType = sourcecode.swift; path = AppDelegate.swift; sourceTree = "<group>"; };
		554D47031D989711006FB076 /* Base */ = {isa = PBXFileReference; lastKnownFileType = file.storyboard; name = Base; path = Base.lproj/Main.storyboard; sourceTree = "<group>"; };
		554D47051D989711006FB076 /* Assets.xcassets */ = {isa = PBXFileReference; lastKnownFileType = folder.assetcatalog; path = Assets.xcassets; sourceTree = "<group>"; };
		554D47081D989711006FB076 /* Base */ = {isa = PBXFileReference; lastKnownFileType = file.storyboard; name = Base; path = Base.lproj/LaunchScreen.storyboard; sourceTree = "<group>"; };
		554D470A1D989711006FB076 /* Info.plist */ = {isa = PBXFileReference; lastKnownFileType = text.plist.xml; path = Info.plist; sourceTree = "<group>"; };
		5564F10C1DABE8DA00D36A00 /* GameViewModel.swift */ = {isa = PBXFileReference; fileEncoding = 4; lastKnownFileType = sourcecode.swift; path = GameViewModel.swift; sourceTree = "<group>"; };
		5564F10E1DABE95700D36A00 /* BaseGameModel.swift */ = {isa = PBXFileReference; fileEncoding = 4; lastKnownFileType = sourcecode.swift; path = BaseGameModel.swift; sourceTree = "<group>"; };
		5564F1101DABE9AE00D36A00 /* GameModel.swift */ = {isa = PBXFileReference; fileEncoding = 4; lastKnownFileType = sourcecode.swift; path = GameModel.swift; sourceTree = "<group>"; };
		5564F1121DABEB2200D36A00 /* GameViewController.swift */ = {isa = PBXFileReference; fileEncoding = 4; lastKnownFileType = sourcecode.swift; path = GameViewController.swift; sourceTree = "<group>"; };
		557CA4371D9ADA6000851448 /* NetworkTools.swift */ = {isa = PBXFileReference; fileEncoding = 4; lastKnownFileType = sourcecode.swift; path = NetworkTools.swift; sourceTree = "<group>"; };
		5588F2BE1D98EB8000016792 /* UIBarButtonItem-Extension.swift */ = {isa = PBXFileReference; fileEncoding = 4; lastKnownFileType = sourcecode.swift; path = "UIBarButtonItem-Extension.swift"; sourceTree = "<group>"; };
		5588F2C01D990B0900016792 /* PageTitleView.swift */ = {isa = PBXFileReference; fileEncoding = 4; lastKnownFileType = sourcecode.swift; path = PageTitleView.swift; sourceTree = "<group>"; };
		5588F2C21D990D5C00016792 /* Common.swift */ = {isa = PBXFileReference; fileEncoding = 4; lastKnownFileType = sourcecode.swift; path = Common.swift; sourceTree = "<group>"; };
		5588F2C41D9930E400016792 /* PageContentView.swift */ = {isa = PBXFileReference; fileEncoding = 4; lastKnownFileType = sourcecode.swift; path = PageContentView.swift; sourceTree = "<group>"; };
		5588F2C61D99338D00016792 /* UIColor-Extension.swift */ = {isa = PBXFileReference; fileEncoding = 4; lastKnownFileType = sourcecode.swift; path = "UIColor-Extension.swift"; sourceTree = "<group>"; };
		5588F2C81D9A1DDA00016792 /* RecommendViewController.swift */ = {isa = PBXFileReference; fileEncoding = 4; lastKnownFileType = sourcecode.swift; path = RecommendViewController.swift; sourceTree = "<group>"; };
		5588F2CA1D9A4E4B00016792 /* CollectionHeaderView.swift */ = {isa = PBXFileReference; fileEncoding = 4; lastKnownFileType = sourcecode.swift; path = CollectionHeaderView.swift; sourceTree = "<group>"; };
		5588F2CB1D9A4E4B00016792 /* CollectionHeaderView.xib */ = {isa = PBXFileReference; fileEncoding = 4; lastKnownFileType = file.xib; path = CollectionHeaderView.xib; sourceTree = "<group>"; };
		5588F2CE1D9A6AD700016792 /* CollectionNormalCell.swift */ = {isa = PBXFileReference; fileEncoding = 4; lastKnownFileType = sourcecode.swift; path = CollectionNormalCell.swift; sourceTree = "<group>"; };
		5588F2CF1D9A6AD700016792 /* CollectionNormalCell.xib */ = {isa = PBXFileReference; fileEncoding = 4; lastKnownFileType = file.xib; path = CollectionNormalCell.xib; sourceTree = "<group>"; };
		5588F2D21D9A744300016792 /* CollectionPrettyCell.swift */ = {isa = PBXFileReference; fileEncoding = 4; lastKnownFileType = sourcecode.swift; path = CollectionPrettyCell.swift; sourceTree = "<group>"; };
		5588F2D31D9A744300016792 /* CollectionPrettyCell.xib */ = {isa = PBXFileReference; fileEncoding = 4; lastKnownFileType = file.xib; path = CollectionPrettyCell.xib; sourceTree = "<group>"; };
		5588F2D71D9B831800016792 /* RecommandViewModel.swift */ = {isa = PBXFileReference; fileEncoding = 4; lastKnownFileType = sourcecode.swift; path = RecommandViewModel.swift; sourceTree = "<group>"; };
		5588F2D91D9B873100016792 /* NSDate-Extension.swift */ = {isa = PBXFileReference; fileEncoding = 4; lastKnownFileType = sourcecode.swift; path = "NSDate-Extension.swift"; sourceTree = "<group>"; };
		559500C41D9CCE4400CE67DB /* AnchorGroup.swift */ = {isa = PBXFileReference; fileEncoding = 4; lastKnownFileType = sourcecode.swift; path = AnchorGroup.swift; sourceTree = "<group>"; };
		559500C61D9CCEE700CE67DB /* AnchorModel.swift */ = {isa = PBXFileReference; fileEncoding = 4; lastKnownFileType = sourcecode.swift; path = AnchorModel.swift; sourceTree = "<group>"; };
		559500C81D9D001F00CE67DB /* CollectionBaseCell.swift */ = {isa = PBXFileReference; fileEncoding = 4; lastKnownFileType = sourcecode.swift; path = CollectionBaseCell.swift; sourceTree = "<group>"; };
		559500CA1D9E112C00CE67DB /* CollectionCycleCell.swift */ = {isa = PBXFileReference; fileEncoding = 4; lastKnownFileType = sourcecode.swift; path = CollectionCycleCell.swift; sourceTree = "<group>"; };
		559500CB1D9E112C00CE67DB /* CollectionCycleCell.xib */ = {isa = PBXFileReference; fileEncoding = 4; lastKnownFileType = file.xib; path = CollectionCycleCell.xib; sourceTree = "<group>"; };
		559500CE1D9E5CDB00CE67DB /* RecommendGameView.swift */ = {isa = PBXFileReference; fileEncoding = 4; lastKnownFileType = sourcecode.swift; path = RecommendGameView.swift; sourceTree = "<group>"; };
		559500D01D9E5CF800CE67DB /* RecommendGameView.xib */ = {isa = PBXFileReference; fileEncoding = 4; lastKnownFileType = file.xib; path = RecommendGameView.xib; sourceTree = "<group>"; };
		55AB55271D98473800CE2002 /* Base */ = {isa = PBXFileReference; lastKnownFileType = file.storyboard; name = Base; path = XDYZB/Base.lproj/Profile.storyboard; sourceTree = SOURCE_ROOT; };
		55AB552E1D9847B400CE2002 /* Base */ = {isa = PBXFileReference; lastKnownFileType = file.storyboard; name = Base; path = XDYZB/Base.lproj/Follow.storyboard; sourceTree = SOURCE_ROOT; };
		55AB55321D9848D500CE2002 /* Home.storyboard */ = {isa = PBXFileReference; fileEncoding = 4; lastKnownFileType = file.storyboard; name = Home.storyboard; path = ../../Main/Home.storyboard; sourceTree = "<group>"; };
		55B13B351D9D6D8600ED6300 /* RecommendCycleView.swift */ = {isa = PBXFileReference; fileEncoding = 4; lastKnownFileType = sourcecode.swift; path = RecommendCycleView.swift; sourceTree = "<group>"; };
		55B13B371D9D6DB600ED6300 /* RecommendCycleView.xib */ = {isa = PBXFileReference; fileEncoding = 4; lastKnownFileType = file.xib; path = RecommendCycleView.xib; sourceTree = "<group>"; };
		55B13B391D9D7CAF00ED6300 /* CycleModel.swift */ = {isa = PBXFileReference; fileEncoding = 4; lastKnownFileType = sourcecode.swift; path = CycleModel.swift; sourceTree = "<group>"; };
		6BA0C0FAE5CBE4F6F0613F2A /* Pods-XDYZB.release.xcconfig */ = {isa = PBXFileReference; includeInIndex = 1; lastKnownFileType = text.xcconfig; name = "Pods-XDYZB.release.xcconfig"; path = "Pods/Target Support Files/Pods-XDYZB/Pods-XDYZB.release.xcconfig"; sourceTree = "<group>"; };
		726561C1126ECD15B84D2564 /* Pods_XDYZB.framework */ = {isa = PBXFileReference; explicitFileType = wrapper.framework; includeInIndex = 0; path = Pods_XDYZB.framework; sourceTree = BUILT_PRODUCTS_DIR; };
		73768FFD463D1EFD638A952B /* Pods-XDYZB.debug.xcconfig */ = {isa = PBXFileReference; includeInIndex = 1; lastKnownFileType = text.xcconfig; name = "Pods-XDYZB.debug.xcconfig"; path = "Pods/Target Support Files/Pods-XDYZB/Pods-XDYZB.debug.xcconfig"; sourceTree = "<group>"; };
/* End PBXFileReference section */

/* Begin PBXFrameworksBuildPhase section */
		554D46F81D989711006FB076 /* Frameworks */ = {
			isa = PBXFrameworksBuildPhase;
			buildActionMask = 2147483647;
			files = (
				CDA70C2D0DEA66630D16E1A6 /* Pods_XDYZB.framework in Frameworks */,
			);
			runOnlyForDeploymentPostprocessing = 0;
		};
/* End PBXFrameworksBuildPhase section */

/* Begin PBXGroup section */
		552316661D98BCA400BCCAA9 /* Controller */ = {
			isa = PBXGroup;
			children = (
				55AB55321D9848D500CE2002 /* Home.storyboard */,
				552316701D98BD4500BCCAA9 /* HomeViewController.swift */,
				5588F2C81D9A1DDA00016792 /* RecommendViewController.swift */,
				5564F1121DABEB2200D36A00 /* GameViewController.swift */,
				5525141C1DAD3F940063886B /* AmuseViewController.swift */,
				554313691DAE2145004E7F94 /* FunToPlayViewController.swift */,
			);
			path = Controller;
			sourceTree = "<group>";
		};
		552316681D98BCA400BCCAA9 /* Model */ = {
			isa = PBXGroup;
			children = (
				55B13B391D9D7CAF00ED6300 /* CycleModel.swift */,
				5564F1101DABE9AE00D36A00 /* GameModel.swift */,
			);
			path = Model;
			sourceTree = "<group>";
		};
		552316691D98BCA400BCCAA9 /* View */ = {
			isa = PBXGroup;
			children = (
				5588F2CA1D9A4E4B00016792 /* CollectionHeaderView.swift */,
				5588F2CB1D9A4E4B00016792 /* CollectionHeaderView.xib */,
				55B13B351D9D6D8600ED6300 /* RecommendCycleView.swift */,
				55B13B371D9D6DB600ED6300 /* RecommendCycleView.xib */,
				559500CA1D9E112C00CE67DB /* CollectionCycleCell.swift */,
				559500CB1D9E112C00CE67DB /* CollectionCycleCell.xib */,
				559500CE1D9E5CDB00CE67DB /* RecommendGameView.swift */,
				559500D01D9E5CF800CE67DB /* RecommendGameView.xib */,
				553A2D5C1D9F358000AA59BB /* CollectionGameCell.swift */,
				553A2D5D1D9F358000AA59BB /* CollectionGameCell.xib */,
				5543135E1DADFC2B004E7F94 /* AmuseMenuView.swift */,
				554313601DADFC4B004E7F94 /* AmuseMenuView.xib */,
				554313621DADFE8F004E7F94 /* AmuseMenuViewCell.swift */,
				554313631DADFE8F004E7F94 /* AmuseMenuViewCell.xib */,
			);
			path = View;
			sourceTree = "<group>";
		};
		5523166B1D98BCB000BCCAA9 /* Controller */ = {
			isa = PBXGroup;
			children = (
				554D47021D989711006FB076 /* Main.storyboard */,
				5523166C1D98BCB000BCCAA9 /* MainViewController.swift */,
				552514251DAD48B30063886B /* BaseAnchorViewController.swift */,
			);
			path = Controller;
			sourceTree = "<group>";
		};
		5523166D1D98BCB000BCCAA9 /* Model */ = {
			isa = PBXGroup;
			children = (
				559500C41D9CCE4400CE67DB /* AnchorGroup.swift */,
				559500C61D9CCEE700CE67DB /* AnchorModel.swift */,
				5564F10E1DABE95700D36A00 /* BaseGameModel.swift */,
			);
			path = Model;
			sourceTree = "<group>";
		};
		5523166E1D98BCB000BCCAA9 /* View */ = {
			isa = PBXGroup;
			children = (
				5588F2C01D990B0900016792 /* PageTitleView.swift */,
				5588F2C41D9930E400016792 /* PageContentView.swift */,
				5588F2CE1D9A6AD700016792 /* CollectionNormalCell.swift */,
				5588F2CF1D9A6AD700016792 /* CollectionNormalCell.xib */,
				5588F2D21D9A744300016792 /* CollectionPrettyCell.swift */,
				5588F2D31D9A744300016792 /* CollectionPrettyCell.xib */,
				559500C81D9D001F00CE67DB /* CollectionBaseCell.swift */,
			);
			path = View;
			sourceTree = "<group>";
		};
		552514201DAD45CA0063886B /* ViewModel */ = {
			isa = PBXGroup;
			children = (
				552514231DAD460E0063886B /* BaseViewModel.swift */,
			);
			path = ViewModel;
			sourceTree = "<group>";
		};
		554D46F21D989711006FB076 = {
			isa = PBXGroup;
			children = (
				554D46FD1D989711006FB076 /* XDYZB */,
				554D46FC1D989711006FB076 /* Products */,
				ECC92D82A23B3E92605A3BE2 /* Pods */,
				816BEF0D9F12A45C1556FA35 /* Frameworks */,
			);
			sourceTree = "<group>";
		};
		554D46FC1D989711006FB076 /* Products */ = {
			isa = PBXGroup;
			children = (
				554D46FB1D989711006FB076 /* XDYZB.app */,
			);
			name = Products;
			sourceTree = "<group>";
		};
		554D46FD1D989711006FB076 /* XDYZB */ = {
			isa = PBXGroup;
			children = (
				55AB551B1D983D2600CE2002 /* Classes */,
				554D46FE1D989711006FB076 /* AppDelegate.swift */,
				554D47051D989711006FB076 /* Assets.xcassets */,
				554D47071D989711006FB076 /* LaunchScreen.storyboard */,
				554D470A1D989711006FB076 /* Info.plist */,
			);
			path = XDYZB;
			sourceTree = "<group>";
		};
		5588F2BD1D98EB2700016792 /* Extension */ = {
			isa = PBXGroup;
			children = (
				5588F2BE1D98EB8000016792 /* UIBarButtonItem-Extension.swift */,
				5588F2C61D99338D00016792 /* UIColor-Extension.swift */,
				5588F2D91D9B873100016792 /* NSDate-Extension.swift */,
			);
			path = Extension;
			sourceTree = "<group>";
		};
		5588F2D61D9B82F400016792 /* ViewModel */ = {
			isa = PBXGroup;
			children = (
				5588F2D71D9B831800016792 /* RecommandViewModel.swift */,
				5564F10C1DABE8DA00D36A00 /* GameViewModel.swift */,
				5525141E1DAD42220063886B /* AmuseViewModel.swift */,
				5543136B1DAE2179004E7F94 /* FunToPlayViewModel.swift */,
			);
			path = ViewModel;
			sourceTree = "<group>";
		};
		55AB551B1D983D2600CE2002 /* Classes */ = {
			isa = PBXGroup;
			children = (
				55AB551F1D983D2600CE2002 /* Main */,
				55AB551D1D983D2600CE2002 /* Home */,
				55AB551E1D983D2600CE2002 /* Live */,
				55AB551C1D983D2600CE2002 /* Follow */,
				55AB55201D983D2600CE2002 /* Profile */,
				55AB55211D983D2600CE2002 /* Tools */,
			);
			path = Classes;
			sourceTree = "<group>";
		};
		55AB551C1D983D2600CE2002 /* Follow */ = {
			isa = PBXGroup;
			children = (
				55AB552D1D9847B400CE2002 /* Follow.storyboard */,
			);
			path = Follow;
			sourceTree = "<group>";
		};
		55AB551D1D983D2600CE2002 /* Home */ = {
			isa = PBXGroup;
			children = (
				5588F2D61D9B82F400016792 /* ViewModel */,
				552316681D98BCA400BCCAA9 /* Model */,
				552316691D98BCA400BCCAA9 /* View */,
				552316661D98BCA400BCCAA9 /* Controller */,
			);
			path = Home;
			sourceTree = "<group>";
		};
		55AB551E1D983D2600CE2002 /* Live */ = {
			isa = PBXGroup;
			children = (
				552514211DAD45F40063886B /* Live.storyboard */,
			);
			path = Live;
			sourceTree = "<group>";
		};
		55AB551F1D983D2600CE2002 /* Main */ = {
			isa = PBXGroup;
			children = (
				552514201DAD45CA0063886B /* ViewModel */,
				5523166B1D98BCB000BCCAA9 /* Controller */,
				5523166D1D98BCB000BCCAA9 /* Model */,
				5523166E1D98BCB000BCCAA9 /* View */,
			);
			path = Main;
			sourceTree = "<group>";
		};
		55AB55201D983D2600CE2002 /* Profile */ = {
			isa = PBXGroup;
			children = (
				55AB55261D98473800CE2002 /* Profile.storyboard */,
			);
			path = Profile;
			sourceTree = "<group>";
		};
		55AB55211D983D2600CE2002 /* Tools */ = {
			isa = PBXGroup;
			children = (
				5588F2BD1D98EB2700016792 /* Extension */,
				5588F2C21D990D5C00016792 /* Common.swift */,
				557CA4371D9ADA6000851448 /* NetworkTools.swift */,
			);
			path = Tools;
			sourceTree = "<group>";
		};
		816BEF0D9F12A45C1556FA35 /* Frameworks */ = {
			isa = PBXGroup;
			children = (
				726561C1126ECD15B84D2564 /* Pods_XDYZB.framework */,
			);
			name = Frameworks;
			sourceTree = "<group>";
		};
		ECC92D82A23B3E92605A3BE2 /* Pods */ = {
			isa = PBXGroup;
			children = (
				73768FFD463D1EFD638A952B /* Pods-XDYZB.debug.xcconfig */,
				6BA0C0FAE5CBE4F6F0613F2A /* Pods-XDYZB.release.xcconfig */,
			);
			name = Pods;
			sourceTree = "<group>";
		};
/* End PBXGroup section */

/* Begin PBXNativeTarget section */
		554D46FA1D989711006FB076 /* XDYZB */ = {
			isa = PBXNativeTarget;
			buildConfigurationList = 554D470D1D989711006FB076 /* Build configuration list for PBXNativeTarget "XDYZB" */;
			buildPhases = (
				524A7573BD048900C6DA495B /* [CP] Check Pods Manifest.lock */,
				554D46F71D989711006FB076 /* Sources */,
				554D46F81D989711006FB076 /* Frameworks */,
				554D46F91D989711006FB076 /* Resources */,
				6EF1BB9FEA819855A132697F /* [CP] Embed Pods Frameworks */,
				34EBAA016AFB6770B3F26824 /* [CP] Copy Pods Resources */,
			);
			buildRules = (
			);
			dependencies = (
			);
			name = XDYZB;
			productName = XDYZB;
			productReference = 554D46FB1D989711006FB076 /* XDYZB.app */;
			productType = "com.apple.product-type.application";
		};
/* End PBXNativeTarget section */

/* Begin PBXProject section */
		554D46F31D989711006FB076 /* Project object */ = {
			isa = PBXProject;
			attributes = {
				LastSwiftUpdateCheck = 0800;
				LastUpgradeCheck = 0800;
				ORGANIZATIONNAME = com.takamashiro;
				TargetAttributes = {
					554D46FA1D989711006FB076 = {
						CreatedOnToolsVersion = 8.0;
						DevelopmentTeam = 2NKZFSKJ2W;
						LastSwiftMigration = 0800;
						ProvisioningStyle = Automatic;
					};
				};
			};
			buildConfigurationList = 554D46F61D989711006FB076 /* Build configuration list for PBXProject "XDYZB" */;
			compatibilityVersion = "Xcode 3.2";
			developmentRegion = English;
			hasScannedForEncodings = 0;
			knownRegions = (
				en,
				Base,
			);
			mainGroup = 554D46F21D989711006FB076;
			productRefGroup = 554D46FC1D989711006FB076 /* Products */;
			projectDirPath = "";
			projectRoot = "";
			targets = (
				554D46FA1D989711006FB076 /* XDYZB */,
			);
		};
/* End PBXProject section */

/* Begin PBXResourcesBuildPhase section */
		554D46F91D989711006FB076 /* Resources */ = {
			isa = PBXResourcesBuildPhase;
			buildActionMask = 2147483647;
			files = (
				55AB55281D98473800CE2002 /* Profile.storyboard in Resources */,
				554313651DADFE8F004E7F94 /* AmuseMenuViewCell.xib in Resources */,
				5588F2CD1D9A4E4B00016792 /* CollectionHeaderView.xib in Resources */,
				5588F2D11D9A6AD700016792 /* CollectionNormalCell.xib in Resources */,
				554D47091D989711006FB076 /* LaunchScreen.storyboard in Resources */,
				55AB552F1D9847B400CE2002 /* Follow.storyboard in Resources */,
				55AB55331D9848D500CE2002 /* Home.storyboard in Resources */,
				552514221DAD45F40063886B /* Live.storyboard in Resources */,
				55B13B381D9D6DB600ED6300 /* RecommendCycleView.xib in Resources */,
				554313611DADFC4B004E7F94 /* AmuseMenuView.xib in Resources */,
				553A2D5F1D9F358000AA59BB /* CollectionGameCell.xib in Resources */,
				554D47061D989711006FB076 /* Assets.xcassets in Resources */,
				559500CD1D9E112C00CE67DB /* CollectionCycleCell.xib in Resources */,
				5588F2D51D9A744300016792 /* CollectionPrettyCell.xib in Resources */,
				554D47041D989711006FB076 /* Main.storyboard in Resources */,
				559500D11D9E5CF800CE67DB /* RecommendGameView.xib in Resources */,
			);
			runOnlyForDeploymentPostprocessing = 0;
		};
/* End PBXResourcesBuildPhase section */

/* Begin PBXShellScriptBuildPhase section */
		34EBAA016AFB6770B3F26824 /* [CP] Copy Pods Resources */ = {
			isa = PBXShellScriptBuildPhase;
			buildActionMask = 2147483647;
			files = (
			);
			inputPaths = (
			);
			name = "[CP] Copy Pods Resources";
			outputPaths = (
			);
			runOnlyForDeploymentPostprocessing = 0;
			shellPath = /bin/sh;
			shellScript = "\"${SRCROOT}/Pods/Target Support Files/Pods-XDYZB/Pods-XDYZB-resources.sh\"\n";
			showEnvVarsInLog = 0;
		};
		524A7573BD048900C6DA495B /* [CP] Check Pods Manifest.lock */ = {
			isa = PBXShellScriptBuildPhase;
			buildActionMask = 2147483647;
			files = (
			);
			inputPaths = (
			);
			name = "[CP] Check Pods Manifest.lock";
			outputPaths = (
			);
			runOnlyForDeploymentPostprocessing = 0;
			shellPath = /bin/sh;
			shellScript = "diff \"${PODS_ROOT}/../Podfile.lock\" \"${PODS_ROOT}/Manifest.lock\" > /dev/null\nif [[ $? != 0 ]] ; then\n    cat << EOM\nerror: The sandbox is not in sync with the Podfile.lock. Run 'pod install' or update your CocoaPods installation.\nEOM\n    exit 1\nfi\n";
			showEnvVarsInLog = 0;
		};
		6EF1BB9FEA819855A132697F /* [CP] Embed Pods Frameworks */ = {
			isa = PBXShellScriptBuildPhase;
			buildActionMask = 2147483647;
			files = (
			);
			inputPaths = (
			);
			name = "[CP] Embed Pods Frameworks";
			outputPaths = (
			);
			runOnlyForDeploymentPostprocessing = 0;
			shellPath = /bin/sh;
			shellScript = "\"${SRCROOT}/Pods/Target Support Files/Pods-XDYZB/Pods-XDYZB-frameworks.sh\"\n";
			showEnvVarsInLog = 0;
		};
/* End PBXShellScriptBuildPhase section */

/* Begin PBXSourcesBuildPhase section */
		554D46F71D989711006FB076 /* Sources */ = {
			isa = PBXSourcesBuildPhase;
			buildActionMask = 2147483647;
			files = (
				5523166F1D98BCB000BCCAA9 /* MainViewController.swift in Sources */,
				5588F2CC1D9A4E4B00016792 /* CollectionHeaderView.swift in Sources */,
				5525141F1DAD42220063886B /* AmuseViewModel.swift in Sources */,
				5543136A1DAE2145004E7F94 /* FunToPlayViewController.swift in Sources */,
				55B13B361D9D6D8600ED6300 /* RecommendCycleView.swift in Sources */,
				5588F2C71D99338D00016792 /* UIColor-Extension.swift in Sources */,
				5588F2C91D9A1DDA00016792 /* RecommendViewController.swift in Sources */,
				552514261DAD48B30063886B /* BaseAnchorViewController.swift in Sources */,
				559500C51D9CCE4400CE67DB /* AnchorGroup.swift in Sources */,
				554D46FF1D989711006FB076 /* AppDelegate.swift in Sources */,
				5588F2C11D990B0900016792 /* PageTitleView.swift in Sources */,
				554313641DADFE8F004E7F94 /* AmuseMenuViewCell.swift in Sources */,
				5543136C1DAE2179004E7F94 /* FunToPlayViewModel.swift in Sources */,
				559500CC1D9E112C00CE67DB /* CollectionCycleCell.swift in Sources */,
				55B13B3A1D9D7CAF00ED6300 /* CycleModel.swift in Sources */,
				552514241DAD460E0063886B /* BaseViewModel.swift in Sources */,
				5588F2C51D9930E400016792 /* PageContentView.swift in Sources */,
				5564F1111DABE9AE00D36A00 /* GameModel.swift in Sources */,
				5588F2BF1D98EB8000016792 /* UIBarButtonItem-Extension.swift in Sources */,
				5564F1131DABEB2200D36A00 /* GameViewController.swift in Sources */,
				5525141D1DAD3F940063886B /* AmuseViewController.swift in Sources */,
				5564F10D1DABE8DA00D36A00 /* GameViewModel.swift in Sources */,
				5564F10F1DABE95700D36A00 /* BaseGameModel.swift in Sources */,
				5588F2C31D990D5C00016792 /* Common.swift in Sources */,
				559500CF1D9E5CDB00CE67DB /* RecommendGameView.swift in Sources */,
				5588F2D41D9A744300016792 /* CollectionPrettyCell.swift in Sources */,
				5588F2DA1D9B873100016792 /* NSDate-Extension.swift in Sources */,
				559500C91D9D001F00CE67DB /* CollectionBaseCell.swift in Sources */,
				5543135F1DADFC2B004E7F94 /* AmuseMenuView.swift in Sources */,
				5588F2D01D9A6AD700016792 /* CollectionNormalCell.swift in Sources */,
				553A2D5E1D9F358000AA59BB /* CollectionGameCell.swift in Sources */,
				557CA4381D9ADA6000851448 /* NetworkTools.swift in Sources */,
				552316711D98BD4500BCCAA9 /* HomeViewController.swift in Sources */,
				5588F2D81D9B831800016792 /* RecommandViewModel.swift in Sources */,
				559500C71D9CCEE700CE67DB /* AnchorModel.swift in Sources */,
			);
			runOnlyForDeploymentPostprocessing = 0;
		};
/* End PBXSourcesBuildPhase section */

/* Begin PBXVariantGroup section */
		554D47021D989711006FB076 /* Main.storyboard */ = {
			isa = PBXVariantGroup;
			children = (
				554D47031D989711006FB076 /* Base */,
			);
			name = Main.storyboard;
			path = ../../..;
			sourceTree = "<group>";
		};
		554D47071D989711006FB076 /* LaunchScreen.storyboard */ = {
			isa = PBXVariantGroup;
			children = (
				554D47081D989711006FB076 /* Base */,
			);
			name = LaunchScreen.storyboard;
			sourceTree = "<group>";
		};
		55AB55261D98473800CE2002 /* Profile.storyboard */ = {
			isa = PBXVariantGroup;
			children = (
				55AB55271D98473800CE2002 /* Base */,
			);
			name = Profile.storyboard;
			path = ../Main;
			sourceTree = "<group>";
		};
		55AB552D1D9847B400CE2002 /* Follow.storyboard */ = {
			isa = PBXVariantGroup;
			children = (
				55AB552E1D9847B400CE2002 /* Base */,
			);
			name = Follow.storyboard;
			path = ../Main;
			sourceTree = "<group>";
		};
/* End PBXVariantGroup section */

/* Begin XCBuildConfiguration section */
		554D470B1D989711006FB076 /* Debug */ = {
			isa = XCBuildConfiguration;
			buildSettings = {
				ALWAYS_SEARCH_USER_PATHS = NO;
				CLANG_ANALYZER_NONNULL = YES;
				CLANG_CXX_LANGUAGE_STANDARD = "gnu++0x";
				CLANG_CXX_LIBRARY = "libc++";
				CLANG_ENABLE_MODULES = YES;
				CLANG_ENABLE_OBJC_ARC = YES;
				CLANG_WARN_BOOL_CONVERSION = YES;
				CLANG_WARN_CONSTANT_CONVERSION = YES;
				CLANG_WARN_DIRECT_OBJC_ISA_USAGE = YES_ERROR;
				CLANG_WARN_DOCUMENTATION_COMMENTS = YES;
				CLANG_WARN_EMPTY_BODY = YES;
				CLANG_WARN_ENUM_CONVERSION = YES;
				CLANG_WARN_INFINITE_RECURSION = YES;
				CLANG_WARN_INT_CONVERSION = YES;
				CLANG_WARN_OBJC_ROOT_CLASS = YES_ERROR;
				CLANG_WARN_SUSPICIOUS_MOVE = YES;
				CLANG_WARN_SUSPICIOUS_MOVES = YES;
				CLANG_WARN_UNREACHABLE_CODE = YES;
				CLANG_WARN__DUPLICATE_METHOD_MATCH = YES;
				"CODE_SIGN_IDENTITY[sdk=iphoneos*]" = "iPhone Developer";
				COPY_PHASE_STRIP = NO;
				DEBUG_INFORMATION_FORMAT = dwarf;
				ENABLE_STRICT_OBJC_MSGSEND = YES;
				ENABLE_TESTABILITY = YES;
				GCC_C_LANGUAGE_STANDARD = gnu99;
				GCC_DYNAMIC_NO_PIC = NO;
				GCC_NO_COMMON_BLOCKS = YES;
				GCC_OPTIMIZATION_LEVEL = 0;
				GCC_PREPROCESSOR_DEFINITIONS = (
					"DEBUG=1",
					"$(inherited)",
				);
				GCC_WARN_64_TO_32_BIT_CONVERSION = YES;
				GCC_WARN_ABOUT_RETURN_TYPE = YES_ERROR;
				GCC_WARN_UNDECLARED_SELECTOR = YES;
				GCC_WARN_UNINITIALIZED_AUTOS = YES_AGGRESSIVE;
				GCC_WARN_UNUSED_FUNCTION = YES;
				GCC_WARN_UNUSED_VARIABLE = YES;
				IPHONEOS_DEPLOYMENT_TARGET = 9.0;
				MTL_ENABLE_DEBUG_INFO = YES;
				ONLY_ACTIVE_ARCH = YES;
				SDKROOT = iphoneos;
				SWIFT_ACTIVE_COMPILATION_CONDITIONS = DEBUG;
				SWIFT_OPTIMIZATION_LEVEL = "-Onone";
			};
			name = Debug;
		};
		554D470C1D989711006FB076 /* Release */ = {
			isa = XCBuildConfiguration;
			buildSettings = {
				ALWAYS_SEARCH_USER_PATHS = NO;
				CLANG_ANALYZER_NONNULL = YES;
				CLANG_CXX_LANGUAGE_STANDARD = "gnu++0x";
				CLANG_CXX_LIBRARY = "libc++";
				CLANG_ENABLE_MODULES = YES;
				CLANG_ENABLE_OBJC_ARC = YES;
				CLANG_WARN_BOOL_CONVERSION = YES;
				CLANG_WARN_CONSTANT_CONVERSION = YES;
				CLANG_WARN_DIRECT_OBJC_ISA_USAGE = YES_ERROR;
				CLANG_WARN_DOCUMENTATION_COMMENTS = YES;
				CLANG_WARN_EMPTY_BODY = YES;
				CLANG_WARN_ENUM_CONVERSION = YES;
				CLANG_WARN_INFINITE_RECURSION = YES;
				CLANG_WARN_INT_CONVERSION = YES;
				CLANG_WARN_OBJC_ROOT_CLASS = YES_ERROR;
				CLANG_WARN_SUSPICIOUS_MOVE = YES;
				CLANG_WARN_SUSPICIOUS_MOVES = YES;
				CLANG_WARN_UNREACHABLE_CODE = YES;
				CLANG_WARN__DUPLICATE_METHOD_MATCH = YES;
				"CODE_SIGN_IDENTITY[sdk=iphoneos*]" = "iPhone Developer";
				COPY_PHASE_STRIP = NO;
				DEBUG_INFORMATION_FORMAT = "dwarf-with-dsym";
				ENABLE_NS_ASSERTIONS = NO;
				ENABLE_STRICT_OBJC_MSGSEND = YES;
				GCC_C_LANGUAGE_STANDARD = gnu99;
				GCC_NO_COMMON_BLOCKS = YES;
				GCC_WARN_64_TO_32_BIT_CONVERSION = YES;
				GCC_WARN_ABOUT_RETURN_TYPE = YES_ERROR;
				GCC_WARN_UNDECLARED_SELECTOR = YES;
				GCC_WARN_UNINITIALIZED_AUTOS = YES_AGGRESSIVE;
				GCC_WARN_UNUSED_FUNCTION = YES;
				GCC_WARN_UNUSED_VARIABLE = YES;
				IPHONEOS_DEPLOYMENT_TARGET = 9.0;
				MTL_ENABLE_DEBUG_INFO = NO;
				SDKROOT = iphoneos;
				SWIFT_OPTIMIZATION_LEVEL = "-Owholemodule";
				VALIDATE_PRODUCT = YES;
			};
			name = Release;
		};
		554D470E1D989711006FB076 /* Debug */ = {
			isa = XCBuildConfiguration;
			baseConfigurationReference = 73768FFD463D1EFD638A952B /* Pods-XDYZB.debug.xcconfig */;
			buildSettings = {
				ALWAYS_EMBED_SWIFT_STANDARD_LIBRARIES = YES;
				ASSETCATALOG_COMPILER_APPICON_NAME = AppIcon;
				ASSETCATALOG_COMPILER_LAUNCHIMAGE_NAME = "Brand Assets";
				DEVELOPMENT_TEAM = 2NKZFSKJ2W;
				INFOPLIST_FILE = XDYZB/Info.plist;
				IPHONEOS_DEPLOYMENT_TARGET = 9.0;
				LD_RUNPATH_SEARCH_PATHS = "$(inherited) @executable_path/Frameworks";
				PRODUCT_BUNDLE_IDENTIFIER = com.takamashiro.XDYZB;
				PRODUCT_NAME = "$(TARGET_NAME)";
				SWIFT_VERSION = 3.0;
			};
			name = Debug;
		};
		554D470F1D989711006FB076 /* Release */ = {
			isa = XCBuildConfiguration;
			baseConfigurationReference = 6BA0C0FAE5CBE4F6F0613F2A /* Pods-XDYZB.release.xcconfig */;
			buildSettings = {
				ALWAYS_EMBED_SWIFT_STANDARD_LIBRARIES = YES;
				ASSETCATALOG_COMPILER_APPICON_NAME = AppIcon;
				ASSETCATALOG_COMPILER_LAUNCHIMAGE_NAME = "Brand Assets";
				DEVELOPMENT_TEAM = 2NKZFSKJ2W;
				INFOPLIST_FILE = XDYZB/Info.plist;
				IPHONEOS_DEPLOYMENT_TARGET = 9.0;
				LD_RUNPATH_SEARCH_PATHS = "$(inherited) @executable_path/Frameworks";
				PRODUCT_BUNDLE_IDENTIFIER = com.takamashiro.XDYZB;
				PRODUCT_NAME = "$(TARGET_NAME)";
				SWIFT_VERSION = 3.0;
			};
			name = Release;
		};
/* End XCBuildConfiguration section */

/* Begin XCConfigurationList section */
		554D46F61D989711006FB076 /* Build configuration list for PBXProject "XDYZB" */ = {
			isa = XCConfigurationList;
			buildConfigurations = (
				554D470B1D989711006FB076 /* Debug */,
				554D470C1D989711006FB076 /* Release */,
			);
			defaultConfigurationIsVisible = 0;
			defaultConfigurationName = Release;
		};
		554D470D1D989711006FB076 /* Build configuration list for PBXNativeTarget "XDYZB" */ = {
			isa = XCConfigurationList;
			buildConfigurations = (
				554D470E1D989711006FB076 /* Debug */,
				554D470F1D989711006FB076 /* Release */,
			);
			defaultConfigurationIsVisible = 0;
			defaultConfigurationName = Release;
		};
/* End XCConfigurationList section */
	};
	rootObject = 554D46F31D989711006FB076 /* Project object */;
}
