// !$*UTF8*$!
{
	archiveVersion = 1;
	classes = {
	};
	objectVersion = 46;
	objects = {

/* Begin PBXBuildFile section */
		554D46FF1D989711006FB076 /* AppDelegate.swift in Sources */ = {isa = PBXBuildFile; fileRef = 554D46FE1D989711006FB076 /* AppDelegate.swift */; };
		554D47041D989711006FB076 /* Main.storyboard in Resources */ = {isa = PBXBuildFile; fileRef = 554D47021D989711006FB076 /* Main.storyboard */; };
		554D47061D989711006FB076 /* Assets.xcassets in Resources */ = {isa = PBXBuildFile; fileRef = 554D47051D989711006FB076 /* Assets.xcassets */; };
		554D47091D989711006FB076 /* LaunchScreen.storyboard in Resources */ = {isa = PBXBuildFile; fileRef = 554D47071D989711006FB076 /* LaunchScreen.storyboard */; };
/* End PBXBuildFile section */

/* Begin PBXFileReference section */
		554D46FB1D989711006FB076 /* XDYZB.app */ = {isa = PBXFileReference; explicitFileType = wrapper.application; includeInIndex = 0; path = XDYZB.app; sourceTree = BUILT_PRODUCTS_DIR; };
		554D46FE1D989711006FB076 /* AppDelegate.swift */ = {isa = PBXFileReference; lastKnownFileType = sourcecode.swift; path = AppDelegate.swift; sourceTree = "<group>"; };
		554D47031D989711006FB076 /* Base */ = {isa = PBXFileReference; lastKnownFileType = file.storyboard; name = Base; path = Base.lproj/Main.storyboard; sourceTree = "<group>"; };
		554D47051D989711006FB076 /* Assets.xcassets */ = {isa = PBXFileReference; lastKnownFileType = folder.assetcatalog; path = Assets.xcassets; sourceTree = "<group>"; };
		554D47081D989711006FB076 /* Base */ = {isa = PBXFileReference; lastKnownFileType = file.storyboard; name = Base; path = Base.lproj/LaunchScreen.storyboard; sourceTree = "<group>"; };
		554D470A1D989711006FB076 /* Info.plist */ = {isa = PBXFileReference; lastKnownFileType = text.plist.xml; path = Info.plist; sourceTree = "<group>"; };
/* End PBXFileReference section */

/* Begin PBXFrameworksBuildPhase section */
		554D46F81D989711006FB076 /* Frameworks */ = {
			isa = PBXFrameworksBuildPhase;
			buildActionMask = 2147483647;
			files = (
			);
			runOnlyForDeploymentPostprocessing = 0;
		};
/* End PBXFrameworksBuildPhase section */

/* Begin PBXGroup section */
		554D46F21D989711006FB076 = {
			isa = PBXGroup;
			children = (
				554D46FD1D989711006FB076 /* XDYZB */,
				554D46FC1D989711006FB076 /* Products */,
			);
			sourceTree = "<group>";
		};
		554D46FC1D989711006FB076 /* Products */ = {
			isa = PBXGroup;
			children = (
				554D46FB1D989711006FB076 /* XDYZB.app */,
			);
			name = Products;
			sourceTree = "<group>";
		};
		554D46FD1D989711006FB076 /* XDYZB */ = {
			isa = PBXGroup;
			children = (
				55AB551B1D983D2600CE2002 /* Classes */,
				554D46FE1D989711006FB076 /* AppDelegate.swift */,
				554D47021D989711006FB076 /* Main.storyboard */,
				554D47051D989711006FB076 /* Assets.xcassets */,
				554D47071D989711006FB076 /* LaunchScreen.storyboard */,
				554D470A1D989711006FB076 /* Info.plist */,
			);
			path = XDYZB;
			sourceTree = "<group>";
		};
		55AB551B1D983D2600CE2002 /* Classes */ = {
			isa = PBXGroup;
			children = (
				55AB551F1D983D2600CE2002 /* Main */,
				55AB551D1D983D2600CE2002 /* Home */,
				55AB551E1D983D2600CE2002 /* Live */,
				55AB551C1D983D2600CE2002 /* Follow */,
				55AB55201D983D2600CE2002 /* Profile */,
				55AB55211D983D2600CE2002 /* Tools */,
			);
			path = Classes;
			sourceTree = "<group>";
		};
		55AB551C1D983D2600CE2002 /* Follow */ = {
			isa = PBXGroup;
			children = (
			);
			path = Follow;
			sourceTree = "<group>";
		};
		55AB551D1D983D2600CE2002 /* Home */ = {
			isa = PBXGroup;
			children = (
			);
			path = Home;
			sourceTree = "<group>";
		};
		55AB551E1D983D2600CE2002 /* Live */ = {
			isa = PBXGroup;
			children = (
			);
			path = Live;
			sourceTree = "<group>";
		};
		55AB551F1D983D2600CE2002 /* Main */ = {
			isa = PBXGroup;
			children = (
			);
			path = Main;
			sourceTree = "<group>";
		};
		55AB55201D983D2600CE2002 /* Profile */ = {
			isa = PBXGroup;
			children = (
			);
			path = Profile;
			sourceTree = "<group>";
		};
		55AB55211D983D2600CE2002 /* Tools */ = {
			isa = PBXGroup;
			children = (
			);
			path = Tools;
			sourceTree = "<group>";
		};
/* End PBXGroup section */

/* Begin PBXNativeTarget section */
		554D46FA1D989711006FB076 /* XDYZB */ = {
			isa = PBXNativeTarget;
			buildConfigurationList = 554D470D1D989711006FB076 /* Build configuration list for PBXNativeTarget "XDYZB" */;
			buildPhases = (
				554D46F71D989711006FB076 /* Sources */,
				554D46F81D989711006FB076 /* Frameworks */,
				554D46F91D989711006FB076 /* Resources */,
			);
			buildRules = (
			);
			dependencies = (
			);
			name = XDYZB;
			productName = XDYZB;
			productReference = 554D46FB1D989711006FB076 /* XDYZB.app */;
			productType = "com.apple.product-type.application";
		};
/* End PBXNativeTarget section */

/* Begin PBXProject section */
		554D46F31D989711006FB076 /* Project object */ = {
			isa = PBXProject;
			attributes = {
				LastSwiftUpdateCheck = 0800;
				LastUpgradeCheck = 0800;
				ORGANIZATIONNAME = com.takamashiro;
				TargetAttributes = {
					554D46FA1D989711006FB076 = {
						CreatedOnToolsVersion = 8.0;
						DevelopmentTeam = LCAXQ4CFMG;
						ProvisioningStyle = Automatic;
					};
				};
			};
			buildConfigurationList = 554D46F61D989711006FB076 /* Build configuration list for PBXProject "XDYZB" */;
			compatibilityVersion = "Xcode 3.2";
			developmentRegion = English;
			hasScannedForEncodings = 0;
			knownRegions = (
				en,
				Base,
			);
			mainGroup = 554D46F21D989711006FB076;
			productRefGroup = 554D46FC1D989711006FB076 /* Products */;
			projectDirPath = "";
			projectRoot = "";
			targets = (
				554D46FA1D989711006FB076 /* XDYZB */,
			);
		};
/* End PBXProject section */

/* Begin PBXResourcesBuildPhase section */
		554D46F91D989711006FB076 /* Resources */ = {
			isa = PBXResourcesBuildPhase;
			buildActionMask = 2147483647;
			files = (
				554D47091D989711006FB076 /* LaunchScreen.storyboard in Resources */,
				554D47061D989711006FB076 /* Assets.xcassets in Resources */,
				554D47041D989711006FB076 /* Main.storyboard in Resources */,
			);
			runOnlyForDeploymentPostprocessing = 0;
		};
/* End PBXResourcesBuildPhase section */

/* Begin PBXSourcesBuildPhase section */
		554D46F71D989711006FB076 /* Sources */ = {
			isa = PBXSourcesBuildPhase;
			buildActionMask = 2147483647;
			files = (
				554D46FF1D989711006FB076 /* AppDelegate.swift in Sources */,
			);
			runOnlyForDeploymentPostprocessing = 0;
		};
/* End PBXSourcesBuildPhase section */

/* Begin PBXVariantGroup section */
		554D47021D989711006FB076 /* Main.storyboard */ = {
			isa = PBXVariantGroup;
			children = (
				554D47031D989711006FB076 /* Base */,
			);
			name = Main.storyboard;
			sourceTree = "<group>";
		};
		554D47071D989711006FB076 /* LaunchScreen.storyboard */ = {
			isa = PBXVariantGroup;
			children = (
				554D47081D989711006FB076 /* Base */,
			);
			name = LaunchScreen.storyboard;
			sourceTree = "<group>";
		};
/* End PBXVariantGroup section */

/* Begin XCBuildConfiguration section */
		554D470B1D989711006FB076 /* Debug */ = {
			isa = XCBuildConfiguration;
			buildSettings = {
				ALWAYS_SEARCH_USER_PATHS = NO;
				CLANG_ANALYZER_NONNULL = YES;
				CLANG_CXX_LANGUAGE_STANDARD = "gnu++0x";
				CLANG_CXX_LIBRARY = "libc++";
				CLANG_ENABLE_MODULES = YES;
				CLANG_ENABLE_OBJC_ARC = YES;
				CLANG_WARN_BOOL_CONVERSION = YES;
				CLANG_WARN_CONSTANT_CONVERSION = YES;
				CLANG_WARN_DIRECT_OBJC_ISA_USAGE = YES_ERROR;
				CLANG_WARN_DOCUMENTATION_COMMENTS = YES;
				CLANG_WARN_EMPTY_BODY = YES;
				CLANG_WARN_ENUM_CONVERSION = YES;
				CLANG_WARN_INFINITE_RECURSION = YES;
				CLANG_WARN_INT_CONVERSION = YES;
				CLANG_WARN_OBJC_ROOT_CLASS = YES_ERROR;
				CLANG_WARN_SUSPICIOUS_MOVES = YES;
				CLANG_WARN_UNREACHABLE_CODE = YES;
				CLANG_WARN__DUPLICATE_METHOD_MATCH = YES;
				"CODE_SIGN_IDENTITY[sdk=iphoneos*]" = "iPhone Developer";
				COPY_PHASE_STRIP = NO;
				DEBUG_INFORMATION_FORMAT = dwarf;
				ENABLE_STRICT_OBJC_MSGSEND = YES;
				ENABLE_TESTABILITY = YES;
				GCC_C_LANGUAGE_STANDARD = gnu99;
				GCC_DYNAMIC_NO_PIC = NO;
				GCC_NO_COMMON_BLOCKS = YES;
				GCC_OPTIMIZATION_LEVEL = 0;
				GCC_PREPROCESSOR_DEFINITIONS = (
					"DEBUG=1",
					"$(inherited)",
				);
				GCC_WARN_64_TO_32_BIT_CONVERSION = YES;
				GCC_WARN_ABOUT_RETURN_TYPE = YES_ERROR;
				GCC_WARN_UNDECLARED_SELECTOR = YES;
				GCC_WARN_UNINITIALIZED_AUTOS = YES_AGGRESSIVE;
				GCC_WARN_UNUSED_FUNCTION = YES;
				GCC_WARN_UNUSED_VARIABLE = YES;
				IPHONEOS_DEPLOYMENT_TARGET = 10.0;
				MTL_ENABLE_DEBUG_INFO = YES;
				ONLY_ACTIVE_ARCH = YES;
				SDKROOT = iphoneos;
				SWIFT_ACTIVE_COMPILATION_CONDITIONS = DEBUG;
				SWIFT_OPTIMIZATION_LEVEL = "-Onone";
			};
			name = Debug;
		};
		554D470C1D989711006FB076 /* Release */ = {
			isa = XCBuildConfiguration;
			buildSettings = {
				ALWAYS_SEARCH_USER_PATHS = NO;
				CLANG_ANALYZER_NONNULL = YES;
				CLANG_CXX_LANGUAGE_STANDARD = "gnu++0x";
				CLANG_CXX_LIBRARY = "libc++";
				CLANG_ENABLE_MODULES = YES;
				CLANG_ENABLE_OBJC_ARC = YES;
				CLANG_WARN_BOOL_CONVERSION = YES;
				CLANG_WARN_CONSTANT_CONVERSION = YES;
				CLANG_WARN_DIRECT_OBJC_ISA_USAGE = YES_ERROR;
				CLANG_WARN_DOCUMENTATION_COMMENTS = YES;
				CLANG_WARN_EMPTY_BODY = YES;
				CLANG_WARN_ENUM_CONVERSION = YES;
				CLANG_WARN_INFINITE_RECURSION = YES;
				CLANG_WARN_INT_CONVERSION = YES;
				CLANG_WARN_OBJC_ROOT_CLASS = YES_ERROR;
				CLANG_WARN_SUSPICIOUS_MOVES = YES;
				CLANG_WARN_UNREACHABLE_CODE = YES;
				CLANG_WARN__DUPLICATE_METHOD_MATCH = YES;
				"CODE_SIGN_IDENTITY[sdk=iphoneos*]" = "iPhone Developer";
				COPY_PHASE_STRIP = NO;
				DEBUG_INFORMATION_FORMAT = "dwarf-with-dsym";
				ENABLE_NS_ASSERTIONS = NO;
				ENABLE_STRICT_OBJC_MSGSEND = YES;
				GCC_C_LANGUAGE_STANDARD = gnu99;
				GCC_NO_COMMON_BLOCKS = YES;
				GCC_WARN_64_TO_32_BIT_CONVERSION = YES;
				GCC_WARN_ABOUT_RETURN_TYPE = YES_ERROR;
				GCC_WARN_UNDECLARED_SELECTOR = YES;
				GCC_WARN_UNINITIALIZED_AUTOS = YES_AGGRESSIVE;
				GCC_WARN_UNUSED_FUNCTION = YES;
				GCC_WARN_UNUSED_VARIABLE = YES;
				IPHONEOS_DEPLOYMENT_TARGET = 10.0;
				MTL_ENABLE_DEBUG_INFO = NO;
				SDKROOT = iphoneos;
				SWIFT_OPTIMIZATION_LEVEL = "-Owholemodule";
				VALIDATE_PRODUCT = YES;
			};
			name = Release;
		};
		554D470E1D989711006FB076 /* Debug */ = {
			isa = XCBuildConfiguration;
			buildSettings = {
				ASSETCATALOG_COMPILER_APPICON_NAME = AppIcon;
				DEVELOPMENT_TEAM = LCAXQ4CFMG;
				INFOPLIST_FILE = XDYZB/Info.plist;
				IPHONEOS_DEPLOYMENT_TARGET = 9.0;
				LD_RUNPATH_SEARCH_PATHS = "$(inherited) @executable_path/Frameworks";
				PRODUCT_BUNDLE_IDENTIFIER = takamashiro.XDYZB;
				PRODUCT_NAME = "$(TARGET_NAME)";
				SWIFT_VERSION = 3.0;
			};
			name = Debug;
		};
		554D470F1D989711006FB076 /* Release */ = {
			isa = XCBuildConfiguration;
			buildSettings = {
				ASSETCATALOG_COMPILER_APPICON_NAME = AppIcon;
				DEVELOPMENT_TEAM = LCAXQ4CFMG;
				INFOPLIST_FILE = XDYZB/Info.plist;
				IPHONEOS_DEPLOYMENT_TARGET = 9.0;
				LD_RUNPATH_SEARCH_PATHS = "$(inherited) @executable_path/Frameworks";
				PRODUCT_BUNDLE_IDENTIFIER = takamashiro.XDYZB;
				PRODUCT_NAME = "$(TARGET_NAME)";
				SWIFT_VERSION = 3.0;
			};
			name = Release;
		};
/* End XCBuildConfiguration section */

/* Begin XCConfigurationList section */
		554D46F61D989711006FB076 /* Build configuration list for PBXProject "XDYZB" */ = {
			isa = XCConfigurationList;
			buildConfigurations = (
				554D470B1D989711006FB076 /* Debug */,
				554D470C1D989711006FB076 /* Release */,
			);
			defaultConfigurationIsVisible = 0;
			defaultConfigurationName = Release;
		};
		554D470D1D989711006FB076 /* Build configuration list for PBXNativeTarget "XDYZB" */ = {
			isa = XCConfigurationList;
			buildConfigurations = (
				554D470E1D989711006FB076 /* Debug */,
				554D470F1D989711006FB076 /* Release */,
			);
			defaultConfigurationIsVisible = 0;
			defaultConfigurationName = Release;
		};
/* End XCConfigurationList section */
	};
	rootObject = 554D46F31D989711006FB076 /* Project object */;
}
